<?xml version="1.0" encoding="utf-8"?>
<Project ToolsVersion="4.0" xmlns="http://schemas.microsoft.com/developer/msbuild/2003">
  <ItemGroup>
    <Filter Include="Source Files">
      <UniqueIdentifier>{4FC737F1-C7A5-4376-A066-2A32D752A2FF}</UniqueIdentifier>
      <Extensions>cpp;c;cxx;def;odl;idl;hpj;bat;asm;asmx</Extensions>
    </Filter>
    <Filter Include="Header Files">
      <UniqueIdentifier>{93995380-89BD-4b04-88EB-625FBE52EBFB}</UniqueIdentifier>
      <Extensions>h;hpp;hxx;hm;inl;inc;xsd</Extensions>
    </Filter>
    <Filter Include="Resource Files">
      <UniqueIdentifier>{67DA6AB6-F800-4c08-8B7A-83BB121AAD01}</UniqueIdentifier>
      <Extensions>rc;ico;cur;bmp;dlg;rc2;rct;bin;rgs;gif;jpg;jpeg;jpe;resx</Extensions>
    </Filter>
  </ItemGroup>
  <ItemGroup>
    <ClCompile Include=".\Assert.cpp">
      <Filter>Source Files</Filter>
    </ClCompile>
    <ClCompile Include=".\Blackjack.cpp">
      <Filter>Source Files</Filter>
    </ClCompile>
    <ClCompile Include=".\Card.cpp">
      <Filter>Source Files</Filter>
    </ClCompile>
    <ClCompile Include=".\Hand.cpp">
      <Filter>Source Files</Filter>
    </ClCompile>
    <ClCompile Include=".\Player.cpp">
      <Filter>Source Files</Filter>
    </ClCompile>
    <ClCompile Include=".\Shoe.cpp">
      <Filter>Source Files</Filter>
    </ClCompile>
    <ClCompile Include=".\Statistics.cpp">
      <Filter>Source Files</Filter>
    </ClCompile>
    <ClCompile Include=".\StrategyBasic.cpp">
      <Filter>Source Files</Filter>
    </ClCompile>
    <ClCompile Include=".\StrategyInteractive.cpp">
      <Filter>Source Files</Filter>
    </ClCompile>
    <ClCompile Include=".\StrategyLookup.cpp">
      <Filter>Source Files</Filter>
    </ClCompile>
    <ClCompile Include=".\Table.cpp">
      <Filter>Source Files</Filter>
    </ClCompile>
    <ClCompile Include="StrategyCardCount.cpp">
      <Filter>Source Files</Filter>
    </ClCompile>
    <ClCompile Include="StrategyDealerHitsSoft17.cpp">
      <Filter>Source Files</Filter>
    </ClCompile>
    <ClCompile Include="StrategyDealerVegas.cpp">
      <Filter>Source Files</Filter>
    </ClCompile>
  </ItemGroup>
  <ItemGroup>
    <ClInclude Include=".\Assert.h">
      <Filter>Header Files</Filter>
    </ClInclude>
    <ClInclude Include=".\Card.h">
      <Filter>Header Files</Filter>
    </ClInclude>
    <ClInclude Include=".\Hand.h">
      <Filter>Header Files</Filter>
    </ClInclude>
    <ClInclude Include=".\LinkedList.h">
      <Filter>Header Files</Filter>
    </ClInclude>
    <ClInclude Include=".\LinkedListNode.h">
      <Filter>Header Files</Filter>
    </ClInclude>
    <ClInclude Include=".\Player.h">
      <Filter>Header Files</Filter>
    </ClInclude>
    <ClInclude Include=".\Shoe.h">
      <Filter>Header Files</Filter>
    </ClInclude>
    <ClInclude Include=".\Statistics.h">
      <Filter>Header Files</Filter>
    </ClInclude>
    <ClInclude Include=".\Strategy.h">
      <Filter>Header Files</Filter>
    </ClInclude>
    <ClInclude Include=".\StrategyBasic.h">
      <Filter>Header Files</Filter>
    </ClInclude>
    <ClInclude Include=".\StrategyInteractive.h">
      <Filter>Header Files</Filter>
    </ClInclude>
    <ClInclude Include=".\StrategyLookup.h">
      <Filter>Header Files</Filter>
    </ClInclude>
    <ClInclude Include=".\Table.h">
      <Filter>Header Files</Filter>
    </ClInclude>
    <ClInclude Include=".\Util.h">
      <Filter>Header Files</Filter>
    </ClInclude>
    <ClInclude Include="StrategyDealerHitsSoft17.h">
      <Filter>Header Files</Filter>
    </ClInclude>
    <ClInclude Include="StrategyDealerVegas.h">
      <Filter>Header Files</Filter>
    </ClInclude>
  </ItemGroup>
  <ItemGroup>
    <None Include=".\Coding">
      <Filter>Resource Files</Filter>
    </None>
    <None Include=".\Copying">
      <Filter>Resource Files</Filter>
    </None>
    <None Include=".\Readme">
      <Filter>Resource Files</Filter>
    </None>
  </ItemGroup>
</Project>
