Microsoft Visual Studio Solution File, Format Version 12.00
# Visual Studio 2012
Project("{8BC9CEB8-8B4A-11D0-8D11-00A0C91BC942}") = "Blackjack", "Blackjack.vcxproj", "{7AC5234B-AB08-4CF6-91FD-E6E04DD9B362}"
EndProject
Global
	GlobalSection(TeamFoundationVersionControl) = preSolution
		SccEnterpriseProvider = {4CA58AB2-18FA-4F8D-95D4-32DDF27D184C}
		SccLocalPath0 = .
		SccLocalPath1 = .
		SccNumberOfProjects = 2
		SccProjectUniqueName1 = Blackjack.vcxproj
		SccTeamFoundationServer = https://ethomson.tfspreview.com/defaultcollection
	EndGlobalSection
	GlobalSection(SolutionConfigurationPlatforms) = preSolution
		Debug|Win32 = Debug|Win32
		Release|Win32 = Release|Win32
	EndGlobalSection
	GlobalSection(ProjectConfigurationPlatforms) = postSolution
		{7AC5234B-AB08-4CF6-91FD-E6E04DD9B362}.Debug|Win32.ActiveCfg = Release|Win32
		{7AC5234B-AB08-4CF6-91FD-E6E04DD9B362}.Debug|Win32.Build.0 = Release|Win32
		{7AC5234B-AB08-4CF6-91FD-E6E04DD9B362}.Release|Win32.ActiveCfg = Release|Win32
		{7AC5234B-AB08-4CF6-91FD-E6E04DD9B362}.Release|Win32.Build.0 = Release|Win32
	EndGlobalSection
	GlobalSection(SolutionProperties) = preSolution
		HideSolutionNode = FALSE
	EndGlobalSection
EndGlobal
